
Microsoft Visual Studio Solution File, Format Version 12.00
# Visual Studio Version 17
VisualStudioVersion = 17.4.33103.184
MinimumVisualStudioVersion = 10.0.40219.1
Project("{FAE04EC0-301F-11D3-BF4B-00C04F79EFBC}") = "ZsirafWebShop.Api", "ZsirafWebShop.Api\ZsirafWebShop.Api.csproj", "{6C44CF8D-12D4-47D0-8E1E-E558A004A6EE}"
EndProject
Project("{FAE04EC0-301F-11D3-BF4B-00C04F79EFBC}") = "ZsirafWebShop.Bll", "ZsirafWebShop.Bll\ZsirafWebShop.Bll.csproj", "{8FE92924-84EE-4E59-AF98-5FEAF430F624}"
EndProject
Project("{FAE04EC0-301F-11D3-BF4B-00C04F79EFBC}") = "ZsirafWebShop.Dal", "ZsirafWebShop.Dal\ZsirafWebShop.Dal.csproj", "{68EF3E60-D906-453C-B15C-FCB980AB7222}"
EndProject
Project("{FAE04EC0-301F-11D3-BF4B-00C04F79EFBC}") = "ZsirafWebShop.Transfer", "ZsirafWebShop.Transfer\ZsirafWebShop.Transfer.csproj", "{2AE3FD07-8E20-416E-850F-E2B873E00F75}"
EndProject
Global
	GlobalSection(SolutionConfigurationPlatforms) = preSolution
		Debug|Any CPU = Debug|Any CPU
		Release|Any CPU = Release|Any CPU
	EndGlobalSection
	GlobalSection(ProjectConfigurationPlatforms) = postSolution
		{6C44CF8D-12D4-47D0-8E1E-E558A004A6EE}.Debug|Any CPU.ActiveCfg = Debug|Any CPU
		{6C44CF8D-12D4-47D0-8E1E-E558A004A6EE}.Debug|Any CPU.Build.0 = Debug|Any CPU
		{6C44CF8D-12D4-47D0-8E1E-E558A004A6EE}.Release|Any CPU.ActiveCfg = Release|Any CPU
		{6C44CF8D-12D4-47D0-8E1E-E558A004A6EE}.Release|Any CPU.Build.0 = Release|Any CPU
		{8FE92924-84EE-4E59-AF98-5FEAF430F624}.Debug|Any CPU.ActiveCfg = Debug|Any CPU
		{8FE92924-84EE-4E59-AF98-5FEAF430F624}.Debug|Any CPU.Build.0 = Debug|Any CPU
		{8FE92924-84EE-4E59-AF98-5FEAF430F624}.Release|Any CPU.ActiveCfg = Release|Any CPU
		{8FE92924-84EE-4E59-AF98-5FEAF430F624}.Release|Any CPU.Build.0 = Release|Any CPU
		{68EF3E60-D906-453C-B15C-FCB980AB7222}.Debug|Any CPU.ActiveCfg = Debug|Any CPU
		{68EF3E60-D906-453C-B15C-FCB980AB7222}.Debug|Any CPU.Build.0 = Debug|Any CPU
		{68EF3E60-D906-453C-B15C-FCB980AB7222}.Release|Any CPU.ActiveCfg = Release|Any CPU
		{68EF3E60-D906-453C-B15C-FCB980AB7222}.Release|Any CPU.Build.0 = Release|Any CPU
		{2AE3FD07-8E20-416E-850F-E2B873E00F75}.Debug|Any CPU.ActiveCfg = Debug|Any CPU
		{2AE3FD07-8E20-416E-850F-E2B873E00F75}.Debug|Any CPU.Build.0 = Debug|Any CPU
		{2AE3FD07-8E20-416E-850F-E2B873E00F75}.Release|Any CPU.ActiveCfg = Release|Any CPU
		{2AE3FD07-8E20-416E-850F-E2B873E00F75}.Release|Any CPU.Build.0 = Release|Any CPU
	EndGlobalSection
	GlobalSection(SolutionProperties) = preSolution
		HideSolutionNode = FALSE
	EndGlobalSection
	GlobalSection(ExtensibilityGlobals) = postSolution
		SolutionGuid = {3051D35C-5593-4D66-8ADF-7F4EA5B1673C}
	EndGlobalSection
EndGlobal
